
Microsoft Visual Studio Solution File, Format Version 12.00
# Visual Studio Version 17
VisualStudioVersion = 17.14.36429.23 d17.14
MinimumVisualStudioVersion = 10.0.40219.1
Project("{8BC9CEB8-8B4A-11D0-8D11-00A0C91BC942}") = "21 Merge Two Sorted Linked Lists cpp", "21 Merge Two Sorted Linked Lists cpp\21 Merge Two Sorted Linked Lists cpp.vcxproj", "{FF208189-6D70-4763-A80D-2E3BDFB06735}"
EndProject
Project("{2150E333-8FDC-42A3-9474-1A3956D46DE8}") = "Solution Items", "Solution Items", "{8EC462FD-D22E-90A8-E5CE-7E832BA40C5D}"
	ProjectSection(SolutionItems) = preProject
		TextFile1.txt = TextFile1.txt
	EndProjectSection
EndProject
Project("{888888A0-9F3D-457C-B088-3A5042F75D52}") = "21 Merge Two Sorted Linked Lists python", "21 Merge Two Sorted Linked Lists python\21 Merge Two Sorted Linked Lists python.pyproj", "{22773AEE-1675-4AE7-9A79-289468D1BE9B}"
EndProject
Global
	GlobalSection(SolutionConfigurationPlatforms) = preSolution
		Debug|Any CPU = Debug|Any CPU
		Debug|x64 = Debug|x64
		Debug|x86 = Debug|x86
		Release|Any CPU = Release|Any CPU
		Release|x64 = Release|x64
		Release|x86 = Release|x86
	EndGlobalSection
	GlobalSection(ProjectConfigurationPlatforms) = postSolution
		{FF208189-6D70-4763-A80D-2E3BDFB06735}.Debug|Any CPU.ActiveCfg = Debug|x64
		{FF208189-6D70-4763-A80D-2E3BDFB06735}.Debug|Any CPU.Build.0 = Debug|x64
		{FF208189-6D70-4763-A80D-2E3BDFB06735}.Debug|x64.ActiveCfg = Debug|x64
		{FF208189-6D70-4763-A80D-2E3BDFB06735}.Debug|x64.Build.0 = Debug|x64
		{FF208189-6D70-4763-A80D-2E3BDFB06735}.Debug|x86.ActiveCfg = Debug|Win32
		{FF208189-6D70-4763-A80D-2E3BDFB06735}.Debug|x86.Build.0 = Debug|Win32
		{FF208189-6D70-4763-A80D-2E3BDFB06735}.Release|Any CPU.ActiveCfg = Release|x64
		{FF208189-6D70-4763-A80D-2E3BDFB06735}.Release|Any CPU.Build.0 = Release|x64
		{FF208189-6D70-4763-A80D-2E3BDFB06735}.Release|x64.ActiveCfg = Release|x64
		{FF208189-6D70-4763-A80D-2E3BDFB06735}.Release|x64.Build.0 = Release|x64
		{FF208189-6D70-4763-A80D-2E3BDFB06735}.Release|x86.ActiveCfg = Release|Win32
		{FF208189-6D70-4763-A80D-2E3BDFB06735}.Release|x86.Build.0 = Release|Win32
		{22773AEE-1675-4AE7-9A79-289468D1BE9B}.Debug|Any CPU.ActiveCfg = Debug|Any CPU
		{22773AEE-1675-4AE7-9A79-289468D1BE9B}.Debug|x64.ActiveCfg = Debug|Any CPU
		{22773AEE-1675-4AE7-9A79-289468D1BE9B}.Debug|x86.ActiveCfg = Debug|Any CPU
		{22773AEE-1675-4AE7-9A79-289468D1BE9B}.Release|Any CPU.ActiveCfg = Release|Any CPU
		{22773AEE-1675-4AE7-9A79-289468D1BE9B}.Release|x64.ActiveCfg = Release|Any CPU
		{22773AEE-1675-4AE7-9A79-289468D1BE9B}.Release|x86.ActiveCfg = Release|Any CPU
	EndGlobalSection
	GlobalSection(SolutionProperties) = preSolution
		HideSolutionNode = FALSE
	EndGlobalSection
	GlobalSection(ExtensibilityGlobals) = postSolution
		SolutionGuid = {7E3317A3-4E19-4DBB-8715-2E1A076C3B60}
	EndGlobalSection
EndGlobal
